{
  "version": 4,
  "terraform_version": "1.14.2",
  "serial": 3,
  "lineage": "2f1a607d-01e0-a8e7-7206-b93eda9544fe",
  "outputs": {
    "vm_public_ip": {
      "value": "34.57.167.93",
      "type": "string"
    }
  },
  "resources": [
    {
      "mode": "managed",
      "type": "google_compute_instance",
      "name": "vm",
      "provider": "provider[\"registry.terraform.io/hashicorp/google\"]",
      "instances": [
        {
          "schema_version": 6,
          "attributes": {
            "advanced_machine_features": [],
            "allow_stopping_for_update": null,
            "attached_disk": [],
            "boot_disk": [
              {
                "auto_delete": true,
                "device_name": "persistent-disk-0",
                "disk_encryption_key_raw": "",
                "disk_encryption_key_sha256": "",
                "initialize_params": [
                  {
                    "enable_confidential_compute": false,
                    "image": "https://www.googleapis.com/compute/v1/projects/ubuntu-os-cloud/global/images/ubuntu-2204-jammy-v20251212",
                    "labels": {},
                    "provisioned_iops": 0,
                    "provisioned_throughput": 0,
                    "resource_manager_tags": null,
                    "size": 10,
                    "storage_pool": "",
                    "type": "pd-standard"
                  }
                ],
                "kms_key_self_link": "",
                "mode": "READ_WRITE",
                "source": "https://www.googleapis.com/compute/v1/projects/silken-waters-445721-n0/zones/us-central1-a/disks/ansible-target"
              }
            ],
            "can_ip_forward": false,
            "confidential_instance_config": [],
            "cpu_platform": "Intel Broadwell",
            "current_status": "RUNNING",
            "deletion_protection": false,
            "description": "",
            "desired_status": null,
            "effective_labels": {},
            "enable_display": false,
            "guest_accelerator": [],
            "hostname": "",
            "id": "projects/silken-waters-445721-n0/zones/us-central1-a/instances/ansible-target",
            "instance_id": "4076507983751891956",
            "label_fingerprint": "42WmSpB8rSM=",
            "labels": null,
            "machine_type": "e2-medium",
            "metadata": {
              "ssh-keys": "fahda:ssh-rsa AAAAB3NzaC1yc2EAAAADAQABAAABgQCi0fWKYdnFXQi4nLK4yegmqf6oItfjW4Lm89G/yhVN4TYQM/SWs9ldAzWCV5lE6vw5F7xUkG82RtXKd9tkJPggAdESVyhJAvWIN9DR8p0JgUcuqY7yfgSCjE7AOOpx77bMwow8iU/qeoDV7GEwrkydwYY2X7XKygLFGBI9F4XbzQXHKBlgQ037cjTvhJGY+6GUiRlMMPEFCiI2iiLP04566S8aCqoAVQBoDCkXQnDq6jXRNV6IIwZCkEPY6FEkHBOROXzfUVi78eDdNnmE+OQQJ9R8pR7trxbLio7ZAUika/SfQgDKfmefIG7nHi5tPlg+HETqaXRypewyWewf3zmUJgzizcYiRebPCX4Ci6s0gEX5BYk678afKX5EXreLS5Jh3ujEdfd0TgOqY6v5xKIJUO95fCj5H6iPQCtu9wne1kRVSk85ysxlRAJpJVtv0ULW9yievUHRVq3gYz+XtX7obFcyijteKo1O4GlTQwkhTuXiQojbtXhtQcWNqjh++Tk= jenkins@jenkins"
            },
            "metadata_fingerprint": "7gSq0hKbPrk=",
            "metadata_startup_script": null,
            "min_cpu_platform": "",
            "name": "ansible-target",
            "network_interface": [
              {
                "access_config": [
                  {
                    "nat_ip": "34.57.167.93",
                    "network_tier": "PREMIUM",
                    "public_ptr_domain_name": ""
                  }
                ],
                "alias_ip_range": [],
                "internal_ipv6_prefix_length": 0,
                "ipv6_access_config": [],
                "ipv6_access_type": "",
                "ipv6_address": "",
                "name": "nic0",
                "network": "https://www.googleapis.com/compute/v1/projects/silken-waters-445721-n0/global/networks/default",
                "network_ip": "10.128.0.21",
                "nic_type": "",
                "queue_count": 0,
                "stack_type": "IPV4_ONLY",
                "subnetwork": "https://www.googleapis.com/compute/v1/projects/silken-waters-445721-n0/regions/us-central1/subnetworks/default",
                "subnetwork_project": "silken-waters-445721-n0"
              }
            ],
            "network_performance_config": [],
            "params": [],
            "project": "silken-waters-445721-n0",
            "reservation_affinity": [],
            "resource_policies": null,
            "scheduling": [
              {
                "automatic_restart": true,
                "instance_termination_action": "",
                "local_ssd_recovery_timeout": [],
                "max_run_duration": [],
                "min_node_cpus": 0,
                "node_affinities": [],
                "on_host_maintenance": "MIGRATE",
                "on_instance_stop_action": [],
                "preemptible": false,
                "provisioning_model": "STANDARD"
              }
            ],
            "scratch_disk": [],
            "self_link": "https://www.googleapis.com/compute/v1/projects/silken-waters-445721-n0/zones/us-central1-a/instances/ansible-target",
            "service_account": [],
            "shielded_instance_config": [
              {
                "enable_integrity_monitoring": true,
                "enable_secure_boot": false,
                "enable_vtpm": true
              }
            ],
            "tags": [
              "ansible-target"
            ],
            "tags_fingerprint": "Ibz3roUY2EM=",
            "terraform_labels": {},
            "timeouts": null,
            "zone": "us-central1-a"
          },
          "sensitive_attributes": [
            [
              {
                "type": "get_attr",
                "value": "boot_disk"
              },
              {
                "type": "index",
                "value": {
                  "value": 0,
                  "type": "number"
                }
              },
              {
                "type": "get_attr",
                "value": "disk_encryption_key_raw"
              }
            ]
          ],
          "identity_schema_version": 0,
          "private": "eyJlMmJmYjczMC1lY2FhLTExZTYtOGY4OC0zNDM2M2JjN2M0YzAiOnsiY3JlYXRlIjoxMjAwMDAwMDAwMDAwLCJkZWxldGUiOjEyMDAwMDAwMDAwMDAsInVwZGF0ZSI6MTIwMDAwMDAwMDAwMH0sInNjaGVtYV92ZXJzaW9uIjoiNiJ9"
        }
      ]
    }
  ],
  "check_results": null
}
